
Microsoft Visual Studio Solution File, Format Version 12.00
# Visual Studio Version 17
VisualStudioVersion = 17.11.35312.102
MinimumVisualStudioVersion = 10.0.40219.1
Project("{9A19103F-16F7-4668-BE54-9A1E7A4F7556}") = "TestProgram", "TestProgram\TestProgram.csproj", "{66BFEA1D-606D-44C2-9285-35402582EE63}"
EndProject
Project("{FAE04EC0-301F-11D3-BF4B-00C04F79EFBC}") = "Domain", "Domain\Domain.csproj", "{868F6FBF-BFA2-4BEF-BC33-467B449A467C}"
EndProject
Project("{FAE04EC0-301F-11D3-BF4B-00C04F79EFBC}") = "Services", "Services\Services.csproj", "{0BFF4DED-A44C-4786-BDD6-70D0BDE0B4A7}"
EndProject
Project("{FAE04EC0-301F-11D3-BF4B-00C04F79EFBC}") = "WinFormsTest", "WinFormsTest\WinFormsTest.csproj", "{16202991-27B0-48CC-94C2-115783FA2FF6}"
EndProject
Project("{FAE04EC0-301F-11D3-BF4B-00C04F79EFBC}") = "xUnitTest", "xUnitTest\xUnitTest.csproj", "{58D73F2E-2543-4992-898C-6C227D319E4D}"
EndProject
Project("{FAE04EC0-301F-11D3-BF4B-00C04F79EFBC}") = "APITest", "APITest\APITest.csproj", "{1B85893C-B00B-423D-A1AB-C93F4DBC2A2E}"
EndProject
Project("{2150E333-8FDC-42A3-9474-1A3956D46DE8}") = "Arkitektur", "Arkitektur", "{02EA681E-C7D8-13C7-8484-4AC65E1B71E8}"
EndProject
Project("{2150E333-8FDC-42A3-9474-1A3956D46DE8}") = "Blazor", "Blazor", "{1132D627-68D6-4784-9934-1878670B1C10}"
EndProject
Project("{FAE04EC0-301F-11D3-BF4B-00C04F79EFBC}") = "WebAssemblyTest", "WebAssemblyTest\WebAssemblyTest.csproj", "{61D16ECD-C5BD-4BB8-8E75-032934384F7A}"
EndProject
Global
	GlobalSection(SolutionConfigurationPlatforms) = preSolution
		Debug|Any CPU = Debug|Any CPU
		Release|Any CPU = Release|Any CPU
	EndGlobalSection
	GlobalSection(ProjectConfigurationPlatforms) = postSolution
		{66BFEA1D-606D-44C2-9285-35402582EE63}.Debug|Any CPU.ActiveCfg = Debug|Any CPU
		{66BFEA1D-606D-44C2-9285-35402582EE63}.Debug|Any CPU.Build.0 = Debug|Any CPU
		{66BFEA1D-606D-44C2-9285-35402582EE63}.Release|Any CPU.ActiveCfg = Release|Any CPU
		{66BFEA1D-606D-44C2-9285-35402582EE63}.Release|Any CPU.Build.0 = Release|Any CPU
		{868F6FBF-BFA2-4BEF-BC33-467B449A467C}.Debug|Any CPU.ActiveCfg = Debug|Any CPU
		{868F6FBF-BFA2-4BEF-BC33-467B449A467C}.Debug|Any CPU.Build.0 = Debug|Any CPU
		{868F6FBF-BFA2-4BEF-BC33-467B449A467C}.Release|Any CPU.ActiveCfg = Release|Any CPU
		{868F6FBF-BFA2-4BEF-BC33-467B449A467C}.Release|Any CPU.Build.0 = Release|Any CPU
		{0BFF4DED-A44C-4786-BDD6-70D0BDE0B4A7}.Debug|Any CPU.ActiveCfg = Debug|Any CPU
		{0BFF4DED-A44C-4786-BDD6-70D0BDE0B4A7}.Debug|Any CPU.Build.0 = Debug|Any CPU
		{0BFF4DED-A44C-4786-BDD6-70D0BDE0B4A7}.Release|Any CPU.ActiveCfg = Release|Any CPU
		{0BFF4DED-A44C-4786-BDD6-70D0BDE0B4A7}.Release|Any CPU.Build.0 = Release|Any CPU
		{16202991-27B0-48CC-94C2-115783FA2FF6}.Debug|Any CPU.ActiveCfg = Debug|Any CPU
		{16202991-27B0-48CC-94C2-115783FA2FF6}.Debug|Any CPU.Build.0 = Debug|Any CPU
		{16202991-27B0-48CC-94C2-115783FA2FF6}.Release|Any CPU.ActiveCfg = Release|Any CPU
		{16202991-27B0-48CC-94C2-115783FA2FF6}.Release|Any CPU.Build.0 = Release|Any CPU
		{58D73F2E-2543-4992-898C-6C227D319E4D}.Debug|Any CPU.ActiveCfg = Debug|Any CPU
		{58D73F2E-2543-4992-898C-6C227D319E4D}.Debug|Any CPU.Build.0 = Debug|Any CPU
		{58D73F2E-2543-4992-898C-6C227D319E4D}.Release|Any CPU.ActiveCfg = Release|Any CPU
		{58D73F2E-2543-4992-898C-6C227D319E4D}.Release|Any CPU.Build.0 = Release|Any CPU
		{1B85893C-B00B-423D-A1AB-C93F4DBC2A2E}.Debug|Any CPU.ActiveCfg = Debug|Any CPU
		{1B85893C-B00B-423D-A1AB-C93F4DBC2A2E}.Debug|Any CPU.Build.0 = Debug|Any CPU
		{1B85893C-B00B-423D-A1AB-C93F4DBC2A2E}.Release|Any CPU.ActiveCfg = Release|Any CPU
		{1B85893C-B00B-423D-A1AB-C93F4DBC2A2E}.Release|Any CPU.Build.0 = Release|Any CPU
		{61D16ECD-C5BD-4BB8-8E75-032934384F7A}.Debug|Any CPU.ActiveCfg = Debug|Any CPU
		{61D16ECD-C5BD-4BB8-8E75-032934384F7A}.Debug|Any CPU.Build.0 = Debug|Any CPU
		{61D16ECD-C5BD-4BB8-8E75-032934384F7A}.Release|Any CPU.ActiveCfg = Release|Any CPU
		{61D16ECD-C5BD-4BB8-8E75-032934384F7A}.Release|Any CPU.Build.0 = Release|Any CPU
	EndGlobalSection
	GlobalSection(SolutionProperties) = preSolution
		HideSolutionNode = FALSE
	EndGlobalSection
	GlobalSection(NestedProjects) = preSolution
		{868F6FBF-BFA2-4BEF-BC33-467B449A467C} = {02EA681E-C7D8-13C7-8484-4AC65E1B71E8}
		{0BFF4DED-A44C-4786-BDD6-70D0BDE0B4A7} = {02EA681E-C7D8-13C7-8484-4AC65E1B71E8}
		{61D16ECD-C5BD-4BB8-8E75-032934384F7A} = {1132D627-68D6-4784-9934-1878670B1C10}
	EndGlobalSection
	GlobalSection(ExtensibilityGlobals) = postSolution
		SolutionGuid = {8BFC30FA-BEC6-4228-AF90-485D327242D1}
	EndGlobalSection
EndGlobal
